
Microsoft Visual Studio Solution File, Format Version 12.00
# Visual Studio 2013
VisualStudioVersion = 12.0.21005.1
MinimumVisualStudioVersion = 10.0.40219.1
Project("{FAE04EC0-301F-11D3-BF4B-00C04F79EFBC}") = "Krot", "Krot.csproj", "{835F4EC3-E3F1-4619-8392-8B851FAD2AED}"
EndProject
Project("{FAE04EC0-301F-11D3-BF4B-00C04F79EFBC}") = "KrotWinUI", "..\KrotWinUI\KrotWinUI.csproj", "{A6BC5E09-F132-4DE5-B117-DAFBCDFF1D3D}"
EndProject
Project("{FAE04EC0-301F-11D3-BF4B-00C04F79EFBC}") = "KrotLocalFSPlugin", "..\KrotLocalFSPlugin\KrotLocalFSPlugin.csproj", "{5E5BEADC-3870-4F5A-B2CB-5F5CD5A00EBC}"
EndProject
Project("{2150E333-8FDC-42A3-9474-1A3956D46DE8}") = "Solution Items", "Solution Items", "{F5870530-046C-4E85-9BEC-70319CFA646D}"
	ProjectSection(SolutionItems) = preProject
		PluginDoc.md = PluginDoc.md
		..\README.md = ..\README.md
	EndProjectSection
EndProject
Global
	GlobalSection(SolutionConfigurationPlatforms) = preSolution
		Debug|Any CPU = Debug|Any CPU
		Release|Any CPU = Release|Any CPU
	EndGlobalSection
	GlobalSection(ProjectConfigurationPlatforms) = postSolution
		{835F4EC3-E3F1-4619-8392-8B851FAD2AED}.Debug|Any CPU.ActiveCfg = Debug|Any CPU
		{835F4EC3-E3F1-4619-8392-8B851FAD2AED}.Debug|Any CPU.Build.0 = Debug|Any CPU
		{835F4EC3-E3F1-4619-8392-8B851FAD2AED}.Release|Any CPU.ActiveCfg = Release|Any CPU
		{835F4EC3-E3F1-4619-8392-8B851FAD2AED}.Release|Any CPU.Build.0 = Release|Any CPU
		{A6BC5E09-F132-4DE5-B117-DAFBCDFF1D3D}.Debug|Any CPU.ActiveCfg = Debug|Any CPU
		{A6BC5E09-F132-4DE5-B117-DAFBCDFF1D3D}.Debug|Any CPU.Build.0 = Debug|Any CPU
		{A6BC5E09-F132-4DE5-B117-DAFBCDFF1D3D}.Release|Any CPU.ActiveCfg = Release|Any CPU
		{A6BC5E09-F132-4DE5-B117-DAFBCDFF1D3D}.Release|Any CPU.Build.0 = Release|Any CPU
		{5E5BEADC-3870-4F5A-B2CB-5F5CD5A00EBC}.Debug|Any CPU.ActiveCfg = Debug|Any CPU
		{5E5BEADC-3870-4F5A-B2CB-5F5CD5A00EBC}.Debug|Any CPU.Build.0 = Debug|Any CPU
		{5E5BEADC-3870-4F5A-B2CB-5F5CD5A00EBC}.Release|Any CPU.ActiveCfg = Release|Any CPU
		{5E5BEADC-3870-4F5A-B2CB-5F5CD5A00EBC}.Release|Any CPU.Build.0 = Release|Any CPU
	EndGlobalSection
	GlobalSection(SolutionProperties) = preSolution
		HideSolutionNode = FALSE
	EndGlobalSection
EndGlobal
